
Microsoft Visual Studio Solution File, Format Version 12.00
# Visual Studio 15
VisualStudioVersion = 15.0.28307.852
MinimumVisualStudioVersion = 10.0.40219.1
Project("{FAE04EC0-301F-11D3-BF4B-00C04F79EFBC}") = "WpfApp4-lesson-Controls", "WpfApp4-lesson-Controls\WpfApp4-lesson-Controls.csproj", "{6D7B9FB6-E895-4E1C-B4B2-6BD4D26B9ECD}"
EndProject
Global
	GlobalSection(SolutionConfigurationPlatforms) = preSolution
		Debug|Any CPU = Debug|Any CPU
		Release|Any CPU = Release|Any CPU
	EndGlobalSection
	GlobalSection(ProjectConfigurationPlatforms) = postSolution
		{6D7B9FB6-E895-4E1C-B4B2-6BD4D26B9ECD}.Debug|Any CPU.ActiveCfg = Debug|Any CPU
		{6D7B9FB6-E895-4E1C-B4B2-6BD4D26B9ECD}.Debug|Any CPU.Build.0 = Debug|Any CPU
		{6D7B9FB6-E895-4E1C-B4B2-6BD4D26B9ECD}.Release|Any CPU.ActiveCfg = Release|Any CPU
		{6D7B9FB6-E895-4E1C-B4B2-6BD4D26B9ECD}.Release|Any CPU.Build.0 = Release|Any CPU
	EndGlobalSection
	GlobalSection(SolutionProperties) = preSolution
		HideSolutionNode = FALSE
	EndGlobalSection
	GlobalSection(ExtensibilityGlobals) = postSolution
		SolutionGuid = {62E4D20B-02C2-4AB6-8473-B2A2AFD160D4}
	EndGlobalSection
EndGlobal
